
Microsoft Visual Studio Solution File, Format Version 12.00
# Visual Studio Version 17
VisualStudioVersion = 17.11.35219.272
MinimumVisualStudioVersion = 10.0.40219.1
Project("{FAE04EC0-301F-11D3-BF4B-00C04F79EFBC}") = "Playload.App", "Playload.App\Playload.App.csproj", "{E340EABF-A78F-489B-B632-111C6E403412}"
EndProject
Global
	GlobalSection(SolutionConfigurationPlatforms) = preSolution
		Debug|Any CPU = Debug|Any CPU
		Release|Any CPU = Release|Any CPU
	EndGlobalSection
	GlobalSection(ProjectConfigurationPlatforms) = postSolution
		{E340EABF-A78F-489B-B632-111C6E403412}.Debug|Any CPU.ActiveCfg = Debug|Any CPU
		{E340EABF-A78F-489B-B632-111C6E403412}.Debug|Any CPU.Build.0 = Debug|Any CPU
		{E340EABF-A78F-489B-B632-111C6E403412}.Release|Any CPU.ActiveCfg = Release|Any CPU
		{E340EABF-A78F-489B-B632-111C6E403412}.Release|Any CPU.Build.0 = Release|Any CPU
	EndGlobalSection
	GlobalSection(SolutionProperties) = preSolution
		HideSolutionNode = FALSE
	EndGlobalSection
	GlobalSection(ExtensibilityGlobals) = postSolution
		SolutionGuid = {DE183F6A-1A89-4792-B5FF-1BC0F15B4A10}
	EndGlobalSection
EndGlobal
